<?xml version="1.0" encoding="utf-8"?>
<Project ToolsVersion="4.0" xmlns="http://schemas.microsoft.com/developer/msbuild/2003">
  <ItemGroup>
    <Filter Include="源文件">
      <UniqueIdentifier>{4FC737F1-C7A5-4376-A066-2A32D752A2FF}</UniqueIdentifier>
      <Extensions>cpp;c;cc;cxx;c++;cppm;ixx;def;odl;idl;hpj;bat;asm;asmx</Extensions>
    </Filter>
    <Filter Include="头文件">
      <UniqueIdentifier>{93995380-89BD-4b04-88EB-625FBE52EBFB}</UniqueIdentifier>
      <Extensions>h;hh;hpp;hxx;h++;hm;inl;inc;ipp;xsd</Extensions>
    </Filter>
    <Filter Include="资源文件">
      <UniqueIdentifier>{67DA6AB6-F800-4c08-8B7A-83BB121AAD01}</UniqueIdentifier>
      <Extensions>rc;ico;cur;bmp;dlg;rc2;rct;bin;rgs;gif;jpg;jpeg;jpe;resx;tiff;tif;png;wav;mfcribbon-ms</Extensions>
    </Filter>
    <Filter Include="头文件\unicorn">
      <UniqueIdentifier>{a712e3dd-cff1-41f6-892f-fae801b15450}</UniqueIdentifier>
    </Filter>
    <Filter Include="源文件\arch">
      <UniqueIdentifier>{0500f87a-a112-429e-bd53-17eec49eb82d}</UniqueIdentifier>
    </Filter>
    <Filter Include="头文件\arch">
      <UniqueIdentifier>{ca81b883-69ed-42be-bd5d-cfbce8340c83}</UniqueIdentifier>
    </Filter>
    <Filter Include="头文件\mem">
      <UniqueIdentifier>{3470902f-c146-412e-9803-b7dd4eff0b4a}</UniqueIdentifier>
    </Filter>
    <Filter Include="源文件\mem">
      <UniqueIdentifier>{ac955ff9-1e4e-428c-8421-82fdb94d8709}</UniqueIdentifier>
    </Filter>
    <Filter Include="源文件\public">
      <UniqueIdentifier>{0fddf376-750d-4eb5-a3a2-c3bf93e96e6c}</UniqueIdentifier>
    </Filter>
    <Filter Include="头文件\public">
      <UniqueIdentifier>{ea5e5e55-34c7-4d62-8552-f3e16df4015f}</UniqueIdentifier>
    </Filter>
    <Filter Include="源文件\reg">
      <UniqueIdentifier>{ded5914d-0751-4055-b25e-2d9f05633f2d}</UniqueIdentifier>
    </Filter>
    <Filter Include="头文件\reg">
      <UniqueIdentifier>{3d166da2-3b15-43ba-9098-a545ddfa296c}</UniqueIdentifier>
    </Filter>
  </ItemGroup>
  <ItemGroup>
    <Library Include="res\unicorn_static.lib">
      <Filter>资源文件</Filter>
    </Library>
  </ItemGroup>
  <ItemGroup>
    <ClInclude Include="inc\unicorn\arm.h">
      <Filter>头文件\unicorn</Filter>
    </ClInclude>
    <ClInclude Include="inc\unicorn\arm64.h">
      <Filter>头文件\unicorn</Filter>
    </ClInclude>
    <ClInclude Include="inc\unicorn\m68k.h">
      <Filter>头文件\unicorn</Filter>
    </ClInclude>
    <ClInclude Include="inc\unicorn\mips.h">
      <Filter>头文件\unicorn</Filter>
    </ClInclude>
    <ClInclude Include="inc\unicorn\platform.h">
      <Filter>头文件\unicorn</Filter>
    </ClInclude>
    <ClInclude Include="inc\unicorn\sparc.h">
      <Filter>头文件\unicorn</Filter>
    </ClInclude>
    <ClInclude Include="inc\unicorn\unicorn.h">
      <Filter>头文件\unicorn</Filter>
    </ClInclude>
    <ClInclude Include="inc\unicorn\x86.h">
      <Filter>头文件\unicorn</Filter>
    </ClInclude>
    <ClInclude Include="core.h">
      <Filter>头文件</Filter>
    </ClInclude>
    <ClInclude Include="arch\arch.h">
      <Filter>头文件\arch</Filter>
    </ClInclude>
    <ClInclude Include="mem\mem.h">
      <Filter>头文件\mem</Filter>
    </ClInclude>
    <ClInclude Include="public\public.h">
      <Filter>头文件\public</Filter>
    </ClInclude>
    <ClInclude Include="reg\reg.h">
      <Filter>头文件\reg</Filter>
    </ClInclude>
  </ItemGroup>
  <ItemGroup>
    <ClCompile Include="export.c">
      <Filter>源文件</Filter>
    </ClCompile>
    <ClCompile Include="arch\arch.c">
      <Filter>源文件\arch</Filter>
    </ClCompile>
    <ClCompile Include="core.c">
      <Filter>源文件</Filter>
    </ClCompile>
    <ClCompile Include="mem\mem.c">
      <Filter>源文件\mem</Filter>
    </ClCompile>
    <ClCompile Include="public\public.c">
      <Filter>源文件\public</Filter>
    </ClCompile>
    <ClCompile Include="reg\reg.c">
      <Filter>源文件\reg</Filter>
    </ClCompile>
  </ItemGroup>
  <ItemGroup>
    <None Include="export.def">
      <Filter>源文件</Filter>
    </None>
  </ItemGroup>
</Project>