
Microsoft Visual Studio Solution File, Format Version 12.00
# Visual Studio Version 16
VisualStudioVersion = 16.0.31613.86
MinimumVisualStudioVersion = 10.0.40219.1
Project("{8BC9CEB8-8B4A-11D0-8D11-00A0C91BC942}") = "core_core", "core_core\core_core.vcxproj", "{8FD80432-617E-4C8B-A693-5413968EE59A}"
EndProject
Project("{8BC9CEB8-8B4A-11D0-8D11-00A0C91BC942}") = "core_unicorn", "core_unicorn\core_unicorn.vcxproj", "{34AD8F8B-FB75-4698-B39B-75603E5C7EE7}"
EndProject
Global
	GlobalSection(SolutionConfigurationPlatforms) = preSolution
		Debug|x64 = Debug|x64
		Debug|x86 = Debug|x86
		Release|x64 = Release|x64
		Release|x86 = Release|x86
	EndGlobalSection
	GlobalSection(ProjectConfigurationPlatforms) = postSolution
		{8FD80432-617E-4C8B-A693-5413968EE59A}.Debug|x64.ActiveCfg = Debug|x64
		{8FD80432-617E-4C8B-A693-5413968EE59A}.Debug|x64.Build.0 = Debug|x64
		{8FD80432-617E-4C8B-A693-5413968EE59A}.Debug|x86.ActiveCfg = Debug|Win32
		{8FD80432-617E-4C8B-A693-5413968EE59A}.Debug|x86.Build.0 = Debug|Win32
		{8FD80432-617E-4C8B-A693-5413968EE59A}.Release|x64.ActiveCfg = Release|x64
		{8FD80432-617E-4C8B-A693-5413968EE59A}.Release|x64.Build.0 = Release|x64
		{8FD80432-617E-4C8B-A693-5413968EE59A}.Release|x86.ActiveCfg = Release|Win32
		{8FD80432-617E-4C8B-A693-5413968EE59A}.Release|x86.Build.0 = Release|Win32
		{34AD8F8B-FB75-4698-B39B-75603E5C7EE7}.Debug|x64.ActiveCfg = Debug|x64
		{34AD8F8B-FB75-4698-B39B-75603E5C7EE7}.Debug|x64.Build.0 = Debug|x64
		{34AD8F8B-FB75-4698-B39B-75603E5C7EE7}.Debug|x86.ActiveCfg = Debug|Win32
		{34AD8F8B-FB75-4698-B39B-75603E5C7EE7}.Debug|x86.Build.0 = Debug|Win32
		{34AD8F8B-FB75-4698-B39B-75603E5C7EE7}.Release|x64.ActiveCfg = Release|x64
		{34AD8F8B-FB75-4698-B39B-75603E5C7EE7}.Release|x64.Build.0 = Release|x64
		{34AD8F8B-FB75-4698-B39B-75603E5C7EE7}.Release|x86.ActiveCfg = Release|Win32
		{34AD8F8B-FB75-4698-B39B-75603E5C7EE7}.Release|x86.Build.0 = Release|Win32
	EndGlobalSection
	GlobalSection(SolutionProperties) = preSolution
		HideSolutionNode = FALSE
	EndGlobalSection
	GlobalSection(ExtensibilityGlobals) = postSolution
		SolutionGuid = {272DA9CC-1EC2-4E11-B84E-141520BCC548}
	EndGlobalSection
EndGlobal
